lockfileVersion: '9.0'

settings:
  autoInstallPeers: true
  excludeLinksFromLockfile: false

overrides:
  nodejs-extensions: link:../../../../node_modules/.nx

importers:

  .:
    dependencies:
      nodejs-extensions:
        specifier: link:../../../../node_modules/.nx
        version: link:../../../../node_modules/.nx
